<?xml version="1.0" encoding="utf-8"?>
<Project ToolsVersion="4.0" xmlns="http://schemas.microsoft.com/developer/msbuild/2003">
  <ItemGroup>
    <Filter Include="Source Files">
      <UniqueIdentifier>{4FC737F1-C7A5-4376-A066-2A32D752A2FF}</UniqueIdentifier>
      <Extensions>cpp;c;cc;cxx;c++;cppm;ixx;def;odl;idl;hpj;bat;asm;asmx</Extensions>
    </Filter>
    <Filter Include="Header Files">
      <UniqueIdentifier>{93995380-89BD-4b04-88EB-625FBE52EBFB}</UniqueIdentifier>
      <Extensions>h;hh;hpp;hxx;h++;hm;inl;inc;ipp;xsd</Extensions>
    </Filter>
    <Filter Include="Resource Files">
      <UniqueIdentifier>{67DA6AB6-F800-4c08-8B7A-83BB121AAD01}</UniqueIdentifier>
      <Extensions>rc;ico;cur;bmp;dlg;rc2;rct;bin;rgs;gif;jpg;jpeg;jpe;resx;tiff;tif;png;wav;mfcribbon-ms</Extensions>
    </Filter>
  </ItemGroup>
  <ItemGroup>
    <ClInclude Include="framework.h">
      <Filter>Header Files</Filter>
    </ClInclude>
    <ClInclude Include="pch.h">
      <Filter>Header Files</Filter>
    </ClInclude>
    <ClInclude Include="..\..\..\..\..\Downloads\Notepad-AIPlugin-main\Notepad-AIPlugin\src\AIProviders\AIProvider.h">
      <Filter>Header Files</Filter>
    </ClInclude>
    <ClInclude Include="..\..\..\..\..\Downloads\Notepad-AIPlugin-main\Notepad-AIPlugin\src\AIProviders\ClaudeProvider.h">
      <Filter>Header Files</Filter>
    </ClInclude>
    <ClInclude Include="..\..\..\..\..\Downloads\Notepad-AIPlugin-main\Notepad-AIPlugin\src\AIProviders\GeminiProvider.h">
      <Filter>Header Files</Filter>
    </ClInclude>
    <ClInclude Include="..\..\..\..\..\Downloads\Notepad-AIPlugin-main\Notepad-AIPlugin\src\AIProviders\OpenAIProvider.h">
      <Filter>Header Files</Filter>
    </ClInclude>
    <ClInclude Include="..\..\..\..\..\Downloads\Notepad-AIPlugin-main\Notepad-AIPlugin\src\AIProviders\ProviderFactory.h">
      <Filter>Header Files</Filter>
    </ClInclude>
    <ClInclude Include="..\..\..\..\..\Downloads\Notepad-AIPlugin-main\Notepad-AIPlugin\src\DockingFeature\AIPanelDlg.h">
      <Filter>Header Files</Filter>
    </ClInclude>
    <ClInclude Include="..\..\..\..\..\Downloads\Notepad-AIPlugin-main\Notepad-AIPlugin\src\DockingFeature\DiffViewDlg.h">
      <Filter>Header Files</Filter>
    </ClInclude>
    <ClInclude Include="..\..\..\..\..\Downloads\Notepad-AIPlugin-main\Notepad-AIPlugin\src\DockingFeature\Docking.h">
      <Filter>Header Files</Filter>
    </ClInclude>
    <ClInclude Include="..\..\..\..\..\Downloads\Notepad-AIPlugin-main\Notepad-AIPlugin\src\DockingFeature\DockingDlgInterface.h">
      <Filter>Header Files</Filter>
    </ClInclude>
    <ClInclude Include="..\..\..\..\..\Downloads\Notepad-AIPlugin-main\Notepad-AIPlugin\src\DockingFeature\dockingResource.h">
      <Filter>Header Files</Filter>
    </ClInclude>
    <ClInclude Include="..\..\..\..\..\Downloads\Notepad-AIPlugin-main\Notepad-AIPlugin\src\DockingFeature\GoToLineDlg.h">
      <Filter>Header Files</Filter>
    </ClInclude>
    <ClInclude Include="..\..\..\..\..\Downloads\Notepad-AIPlugin-main\Notepad-AIPlugin\src\DockingFeature\resource.h">
      <Filter>Header Files</Filter>
    </ClInclude>
    <ClInclude Include="..\..\..\..\..\Downloads\Notepad-AIPlugin-main\Notepad-AIPlugin\src\DockingFeature\SettingsDlg.h">
      <Filter>Header Files</Filter>
    </ClInclude>
    <ClInclude Include="..\..\..\..\..\Downloads\Notepad-AIPlugin-main\Notepad-AIPlugin\src\DockingFeature\StaticDialog.h">
      <Filter>Header Files</Filter>
    </ClInclude>
    <ClInclude Include="..\..\..\..\..\Downloads\Notepad-AIPlugin-main\Notepad-AIPlugin\src\DockingFeature\Window.h">
      <Filter>Header Files</Filter>
    </ClInclude>
    <ClInclude Include="..\..\..\..\..\Downloads\Notepad-AIPlugin-main\Notepad-AIPlugin\src\Http\HttpClient.h">
      <Filter>Header Files</Filter>
    </ClInclude>
    <ClInclude Include="..\..\..\..\..\Downloads\Notepad-AIPlugin-main\Notepad-AIPlugin\src\Utils\Config.h">
      <Filter>Header Files</Filter>
    </ClInclude>
    <ClInclude Include="src\AIProviders\OllamaProvider.h">
      <Filter>Header Files</Filter>
    </ClInclude>
  </ItemGroup>
  <ItemGroup>
    <ClCompile Include="pch.cpp">
      <Filter>Source Files</Filter>
    </ClCompile>
    <ClCompile Include="..\..\..\..\..\Downloads\Notepad-AIPlugin-main\Notepad-AIPlugin\src\NppPluginDemo.cpp">
      <Filter>Source Files</Filter>
    </ClCompile>
    <ClCompile Include="..\..\..\..\..\Downloads\Notepad-AIPlugin-main\Notepad-AIPlugin\src\PluginDefinition.cpp">
      <Filter>Source Files</Filter>
    </ClCompile>
    <ClCompile Include="..\..\..\..\..\Downloads\Notepad-AIPlugin-main\Notepad-AIPlugin\src\Utils\Config.cpp">
      <Filter>Source Files</Filter>
    </ClCompile>
    <ClCompile Include="..\..\..\..\..\Downloads\Notepad-AIPlugin-main\Notepad-AIPlugin\src\Http\HttpClient.cpp">
      <Filter>Source Files</Filter>
    </ClCompile>
    <ClCompile Include="..\..\..\..\..\Downloads\Notepad-AIPlugin-main\Notepad-AIPlugin\src\DockingFeature\AIPanelDlg.cpp">
      <Filter>Source Files</Filter>
    </ClCompile>
    <ClCompile Include="..\..\..\..\..\Downloads\Notepad-AIPlugin-main\Notepad-AIPlugin\src\DockingFeature\DiffViewDlg.cpp">
      <Filter>Source Files</Filter>
    </ClCompile>
    <ClCompile Include="..\..\..\..\..\Downloads\Notepad-AIPlugin-main\Notepad-AIPlugin\src\DockingFeature\GoToLineDlg.cpp">
      <Filter>Source Files</Filter>
    </ClCompile>
    <ClCompile Include="..\..\..\..\..\Downloads\Notepad-AIPlugin-main\Notepad-AIPlugin\src\DockingFeature\SettingsDlg.cpp">
      <Filter>Source Files</Filter>
    </ClCompile>
    <ClCompile Include="..\..\..\..\..\Downloads\Notepad-AIPlugin-main\Notepad-AIPlugin\src\DockingFeature\StaticDialog.cpp">
      <Filter>Source Files</Filter>
    </ClCompile>
    <ClCompile Include="..\..\..\..\..\Downloads\Notepad-AIPlugin-main\Notepad-AIPlugin\src\AIProviders\ClaudeProvider.cpp">
      <Filter>Source Files</Filter>
    </ClCompile>
    <ClCompile Include="..\..\..\..\..\Downloads\Notepad-AIPlugin-main\Notepad-AIPlugin\src\AIProviders\GeminiProvider.cpp">
      <Filter>Source Files</Filter>
    </ClCompile>
    <ClCompile Include="..\..\..\..\..\Downloads\Notepad-AIPlugin-main\Notepad-AIPlugin\src\AIProviders\OpenAIProvider.cpp">
      <Filter>Source Files</Filter>
    </ClCompile>
    <ClCompile Include="..\..\..\..\..\Downloads\Notepad-AIPlugin-main\Notepad-AIPlugin\src\AIProviders\ProviderFactory.cpp">
      <Filter>Source Files</Filter>
    </ClCompile>
    <ClCompile Include="src\AIProviders\OllamaProvider.cpp">
      <Filter>Source Files</Filter>
    </ClCompile>
  </ItemGroup>
  <ItemGroup>
    <ResourceCompile Include="..\..\..\..\..\Downloads\Notepad-AIPlugin-main\Notepad-AIPlugin\res\AIPanel.rc">
      <Filter>Resource Files</Filter>
    </ResourceCompile>
    <ResourceCompile Include="..\..\..\..\..\Downloads\Notepad-AIPlugin-main\Notepad-AIPlugin\res\goLine.rc">
      <Filter>Resource Files</Filter>
    </ResourceCompile>
    <ResourceCompile Include="..\..\..\..\..\Downloads\Notepad-AIPlugin-main\Notepad-AIPlugin\res\NppPluginDemo.rc">
      <Filter>Resource Files</Filter>
    </ResourceCompile>
  </ItemGroup>
</Project>